
Microsoft Visual Studio Solution File, Format Version 12.00
# Visual Studio Version 16
VisualStudioVersion = 16.0.810.23
MinimumVisualStudioVersion = 10.0.40219.1
Project("{FAE04EC0-301F-11D3-BF4B-00C04F79EFBC}") = "NLayered", "NLayered\NLayered.csproj", "{5423459F-06B5-41FB-91C2-793ADB5E4245}"
EndProject
Global
	GlobalSection(SolutionConfigurationPlatforms) = preSolution
		Debug|Any CPU = Debug|Any CPU
		Release|Any CPU = Release|Any CPU
	EndGlobalSection
	GlobalSection(ProjectConfigurationPlatforms) = postSolution
		{5423459F-06B5-41FB-91C2-793ADB5E4245}.Debug|Any CPU.ActiveCfg = Debug|Any CPU
		{5423459F-06B5-41FB-91C2-793ADB5E4245}.Debug|Any CPU.Build.0 = Debug|Any CPU
		{5423459F-06B5-41FB-91C2-793ADB5E4245}.Release|Any CPU.ActiveCfg = Release|Any CPU
		{5423459F-06B5-41FB-91C2-793ADB5E4245}.Release|Any CPU.Build.0 = Release|Any CPU
	EndGlobalSection
	GlobalSection(SolutionProperties) = preSolution
		HideSolutionNode = FALSE
	EndGlobalSection
	GlobalSection(ExtensibilityGlobals) = postSolution
		SolutionGuid = {41C11FEA-714D-4A14-871B-8191EA40369E}
	EndGlobalSection
EndGlobal
