
Microsoft Visual Studio Solution File, Format Version 12.00
# Visual Studio Version 17
VisualStudioVersion = 17.2.32526.322
MinimumVisualStudioVersion = 10.0.40219.1
Project("{9A19103F-16F7-4668-BE54-9A1E7A4F7556}") = "NLayered", "NLayered\NLayered.csproj", "{5423459F-06B5-41FB-91C2-793ADB5E4245}"
EndProject
Project("{9A19103F-16F7-4668-BE54-9A1E7A4F7556}") = "NLayered.BusinessLayer", "NLayered.BusinessLayer\NLayered.BusinessLayer.csproj", "{DDD49781-8942-4196-901A-912B087F3DEA}"
EndProject
Project("{9A19103F-16F7-4668-BE54-9A1E7A4F7556}") = "NLayered.DataLayer", "NLayered.DataLayer\NLayered.DataLayer.csproj", "{C7ECF72B-53E0-4E9A-9AA7-F67FC0DFD9A7}"
EndProject
Project("{9A19103F-16F7-4668-BE54-9A1E7A4F7556}") = "NLayered.Contracts", "NLayered.Contracts\NLayered.Contracts.csproj", "{6C9C328B-CB07-4D41-87BA-13014F2653AF}"
EndProject
Project("{2150E333-8FDC-42A3-9474-1A3956D46DE8}") = "Solution Items", "Solution Items", "{18E3FF15-5542-4546-98E6-2E3BA31559ED}"
	ProjectSection(SolutionItems) = preProject
		Graph1.dgml = Graph1.dgml
	EndProjectSection
EndProject
Global
	GlobalSection(SolutionConfigurationPlatforms) = preSolution
		Debug|Any CPU = Debug|Any CPU
		Release|Any CPU = Release|Any CPU
	EndGlobalSection
	GlobalSection(ProjectConfigurationPlatforms) = postSolution
		{5423459F-06B5-41FB-91C2-793ADB5E4245}.Debug|Any CPU.ActiveCfg = Debug|Any CPU
		{5423459F-06B5-41FB-91C2-793ADB5E4245}.Debug|Any CPU.Build.0 = Debug|Any CPU
		{5423459F-06B5-41FB-91C2-793ADB5E4245}.Release|Any CPU.ActiveCfg = Release|Any CPU
		{5423459F-06B5-41FB-91C2-793ADB5E4245}.Release|Any CPU.Build.0 = Release|Any CPU
		{DDD49781-8942-4196-901A-912B087F3DEA}.Debug|Any CPU.ActiveCfg = Debug|Any CPU
		{DDD49781-8942-4196-901A-912B087F3DEA}.Debug|Any CPU.Build.0 = Debug|Any CPU
		{DDD49781-8942-4196-901A-912B087F3DEA}.Release|Any CPU.ActiveCfg = Release|Any CPU
		{DDD49781-8942-4196-901A-912B087F3DEA}.Release|Any CPU.Build.0 = Release|Any CPU
		{C7ECF72B-53E0-4E9A-9AA7-F67FC0DFD9A7}.Debug|Any CPU.ActiveCfg = Debug|Any CPU
		{C7ECF72B-53E0-4E9A-9AA7-F67FC0DFD9A7}.Debug|Any CPU.Build.0 = Debug|Any CPU
		{C7ECF72B-53E0-4E9A-9AA7-F67FC0DFD9A7}.Release|Any CPU.ActiveCfg = Release|Any CPU
		{C7ECF72B-53E0-4E9A-9AA7-F67FC0DFD9A7}.Release|Any CPU.Build.0 = Release|Any CPU
		{6C9C328B-CB07-4D41-87BA-13014F2653AF}.Debug|Any CPU.ActiveCfg = Debug|Any CPU
		{6C9C328B-CB07-4D41-87BA-13014F2653AF}.Debug|Any CPU.Build.0 = Debug|Any CPU
		{6C9C328B-CB07-4D41-87BA-13014F2653AF}.Release|Any CPU.ActiveCfg = Release|Any CPU
		{6C9C328B-CB07-4D41-87BA-13014F2653AF}.Release|Any CPU.Build.0 = Release|Any CPU
	EndGlobalSection
	GlobalSection(SolutionProperties) = preSolution
		HideSolutionNode = FALSE
	EndGlobalSection
	GlobalSection(ExtensibilityGlobals) = postSolution
		SolutionGuid = {41C11FEA-714D-4A14-871B-8191EA40369E}
	EndGlobalSection
EndGlobal
