
Microsoft Visual Studio Solution File, Format Version 12.00
# Visual Studio Version 16
VisualStudioVersion = 16.0.810.23
MinimumVisualStudioVersion = 10.0.40219.1
Project("{FAE04EC0-301F-11D3-BF4B-00C04F79EFBC}") = "Mvvm.Android", "Mvvm.Android\Mvvm.Android.csproj", "{5E0278A4-A4DD-43AD-810C-9ED8D7C66466}"
EndProject
Project("{FAE04EC0-301F-11D3-BF4B-00C04F79EFBC}") = "Mvvm.iOS", "Mvvm.iOS\Mvvm.iOS.csproj", "{6BB417ED-EDFA-4190-934A-F0E7EA755B06}"
EndProject
Project("{FAE04EC0-301F-11D3-BF4B-00C04F79EFBC}") = "Mvvm", "Mvvm\Mvvm.csproj", "{6717C887-FF4C-4B19-A054-CBCE526DB6BB}"
EndProject
Global
	GlobalSection(SolutionConfigurationPlatforms) = preSolution
		Debug|Any CPU = Debug|Any CPU
		Release|Any CPU = Release|Any CPU
		Debug|iPhoneSimulator = Debug|iPhoneSimulator
		Release|iPhoneSimulator = Release|iPhoneSimulator
		Debug|iPhone = Debug|iPhone
		Release|iPhone = Release|iPhone
	EndGlobalSection
	GlobalSection(ProjectConfigurationPlatforms) = postSolution
		{5E0278A4-A4DD-43AD-810C-9ED8D7C66466}.Debug|Any CPU.ActiveCfg = Debug|Any CPU
		{5E0278A4-A4DD-43AD-810C-9ED8D7C66466}.Debug|Any CPU.Build.0 = Debug|Any CPU
		{5E0278A4-A4DD-43AD-810C-9ED8D7C66466}.Release|Any CPU.ActiveCfg = Release|Any CPU
		{5E0278A4-A4DD-43AD-810C-9ED8D7C66466}.Release|Any CPU.Build.0 = Release|Any CPU
		{5E0278A4-A4DD-43AD-810C-9ED8D7C66466}.Debug|iPhoneSimulator.ActiveCfg = Debug|Any CPU
		{5E0278A4-A4DD-43AD-810C-9ED8D7C66466}.Debug|iPhoneSimulator.Build.0 = Debug|Any CPU
		{5E0278A4-A4DD-43AD-810C-9ED8D7C66466}.Release|iPhoneSimulator.ActiveCfg = Release|Any CPU
		{5E0278A4-A4DD-43AD-810C-9ED8D7C66466}.Release|iPhoneSimulator.Build.0 = Release|Any CPU
		{5E0278A4-A4DD-43AD-810C-9ED8D7C66466}.Debug|iPhone.ActiveCfg = Debug|Any CPU
		{5E0278A4-A4DD-43AD-810C-9ED8D7C66466}.Debug|iPhone.Build.0 = Debug|Any CPU
		{5E0278A4-A4DD-43AD-810C-9ED8D7C66466}.Release|iPhone.ActiveCfg = Release|Any CPU
		{5E0278A4-A4DD-43AD-810C-9ED8D7C66466}.Release|iPhone.Build.0 = Release|Any CPU
		{6BB417ED-EDFA-4190-934A-F0E7EA755B06}.Debug|Any CPU.ActiveCfg = Debug|iPhoneSimulator
		{6BB417ED-EDFA-4190-934A-F0E7EA755B06}.Debug|Any CPU.Build.0 = Debug|iPhoneSimulator
		{6BB417ED-EDFA-4190-934A-F0E7EA755B06}.Release|Any CPU.ActiveCfg = Release|iPhoneSimulator
		{6BB417ED-EDFA-4190-934A-F0E7EA755B06}.Release|Any CPU.Build.0 = Release|iPhoneSimulator
		{6BB417ED-EDFA-4190-934A-F0E7EA755B06}.Debug|iPhoneSimulator.ActiveCfg = Debug|iPhoneSimulator
		{6BB417ED-EDFA-4190-934A-F0E7EA755B06}.Debug|iPhoneSimulator.Build.0 = Debug|iPhoneSimulator
		{6BB417ED-EDFA-4190-934A-F0E7EA755B06}.Release|iPhoneSimulator.ActiveCfg = Release|iPhoneSimulator
		{6BB417ED-EDFA-4190-934A-F0E7EA755B06}.Release|iPhoneSimulator.Build.0 = Release|iPhoneSimulator
		{6BB417ED-EDFA-4190-934A-F0E7EA755B06}.Debug|iPhone.ActiveCfg = Debug|iPhone
		{6BB417ED-EDFA-4190-934A-F0E7EA755B06}.Debug|iPhone.Build.0 = Debug|iPhone
		{6BB417ED-EDFA-4190-934A-F0E7EA755B06}.Release|iPhone.ActiveCfg = Release|iPhone
		{6BB417ED-EDFA-4190-934A-F0E7EA755B06}.Release|iPhone.Build.0 = Release|iPhone
		{6717C887-FF4C-4B19-A054-CBCE526DB6BB}.Debug|Any CPU.ActiveCfg = Debug|Any CPU
		{6717C887-FF4C-4B19-A054-CBCE526DB6BB}.Debug|Any CPU.Build.0 = Debug|Any CPU
		{6717C887-FF4C-4B19-A054-CBCE526DB6BB}.Release|Any CPU.ActiveCfg = Release|Any CPU
		{6717C887-FF4C-4B19-A054-CBCE526DB6BB}.Release|Any CPU.Build.0 = Release|Any CPU
		{6717C887-FF4C-4B19-A054-CBCE526DB6BB}.Debug|iPhoneSimulator.ActiveCfg = Debug|Any CPU
		{6717C887-FF4C-4B19-A054-CBCE526DB6BB}.Debug|iPhoneSimulator.Build.0 = Debug|Any CPU
		{6717C887-FF4C-4B19-A054-CBCE526DB6BB}.Release|iPhoneSimulator.ActiveCfg = Release|Any CPU
		{6717C887-FF4C-4B19-A054-CBCE526DB6BB}.Release|iPhoneSimulator.Build.0 = Release|Any CPU
		{6717C887-FF4C-4B19-A054-CBCE526DB6BB}.Debug|iPhone.ActiveCfg = Debug|Any CPU
		{6717C887-FF4C-4B19-A054-CBCE526DB6BB}.Debug|iPhone.Build.0 = Debug|Any CPU
		{6717C887-FF4C-4B19-A054-CBCE526DB6BB}.Release|iPhone.ActiveCfg = Release|Any CPU
		{6717C887-FF4C-4B19-A054-CBCE526DB6BB}.Release|iPhone.Build.0 = Release|Any CPU
	EndGlobalSection
	GlobalSection(SolutionProperties) = preSolution
		HideSolutionNode = FALSE
	EndGlobalSection
	GlobalSection(ExtensibilityGlobals) = postSolution
		SolutionGuid = {33F1DB83-8EC5-4307-B3C6-A449BC4C4634}
	EndGlobalSection
EndGlobal
